
Microsoft Visual Studio Solution File, Format Version 12.00
# Visual Studio Version 17
VisualStudioVersion = 17.0.31903.59
MinimumVisualStudioVersion = 10.0.40219.1
Project("{FAE04EC0-301F-11D3-BF4B-00C04F79EFBC}") = "calculator-api", "calculator-api\calculator-api.csproj", "{7EC1CE25-63E7-4637-8865-F903EE43F801}"
EndProject
Project("{FAE04EC0-301F-11D3-BF4B-00C04F79EFBC}") = "measurements-api", "measurements-api\measurements-api.csproj", "{BADAB873-15F7-4301-960B-C81B54B0DF59}"
EndProject
Project("{FAE04EC0-301F-11D3-BF4B-00C04F79EFBC}") = "emissions-api", "emissions-api\emissions-api.csproj", "{6E95F90B-B8F9-4224-A770-3B11283E0609}"
EndProject
Project("{FAE04EC0-301F-11D3-BF4B-00C04F79EFBC}") = "shared-contracts", "shared-contracts\shared-contracts.csproj", "{C12AEE32-1BE1-4DDD-8A29-407B46404F41}"
EndProject
Global
	GlobalSection(SolutionConfigurationPlatforms) = preSolution
		Debug|Any CPU = Debug|Any CPU
		Release|Any CPU = Release|Any CPU
	EndGlobalSection
	GlobalSection(SolutionProperties) = preSolution
		HideSolutionNode = FALSE
	EndGlobalSection
	GlobalSection(ProjectConfigurationPlatforms) = postSolution
		{7EC1CE25-63E7-4637-8865-F903EE43F801}.Debug|Any CPU.ActiveCfg = Debug|Any CPU
		{7EC1CE25-63E7-4637-8865-F903EE43F801}.Debug|Any CPU.Build.0 = Debug|Any CPU
		{7EC1CE25-63E7-4637-8865-F903EE43F801}.Release|Any CPU.ActiveCfg = Release|Any CPU
		{7EC1CE25-63E7-4637-8865-F903EE43F801}.Release|Any CPU.Build.0 = Release|Any CPU
		{BADAB873-15F7-4301-960B-C81B54B0DF59}.Debug|Any CPU.ActiveCfg = Debug|Any CPU
		{BADAB873-15F7-4301-960B-C81B54B0DF59}.Debug|Any CPU.Build.0 = Debug|Any CPU
		{BADAB873-15F7-4301-960B-C81B54B0DF59}.Release|Any CPU.ActiveCfg = Release|Any CPU
		{BADAB873-15F7-4301-960B-C81B54B0DF59}.Release|Any CPU.Build.0 = Release|Any CPU
		{6E95F90B-B8F9-4224-A770-3B11283E0609}.Debug|Any CPU.ActiveCfg = Debug|Any CPU
		{6E95F90B-B8F9-4224-A770-3B11283E0609}.Debug|Any CPU.Build.0 = Debug|Any CPU
		{6E95F90B-B8F9-4224-A770-3B11283E0609}.Release|Any CPU.ActiveCfg = Release|Any CPU
		{6E95F90B-B8F9-4224-A770-3B11283E0609}.Release|Any CPU.Build.0 = Release|Any CPU
		{C12AEE32-1BE1-4DDD-8A29-407B46404F41}.Debug|Any CPU.ActiveCfg = Debug|Any CPU
		{C12AEE32-1BE1-4DDD-8A29-407B46404F41}.Debug|Any CPU.Build.0 = Debug|Any CPU
		{C12AEE32-1BE1-4DDD-8A29-407B46404F41}.Release|Any CPU.ActiveCfg = Release|Any CPU
		{C12AEE32-1BE1-4DDD-8A29-407B46404F41}.Release|Any CPU.Build.0 = Release|Any CPU
	EndGlobalSection
EndGlobal
